PODS:
  - flutter_desktop_sleep (0.0.1):
    - FlutterMacOS
  - FlutterMacOS (1.0.0)
  - local_notifier (0.1.0):
    - FlutterMacOS

DEPENDENCIES:
  - flutter_desktop_sleep (from `Flutter/ephemeral/.symlinks/plugins/flutter_desktop_sleep/macos`)
  - FlutterMacOS (from `Flutter/ephemeral`)
  - local_notifier (from `Flutter/ephemeral/.symlinks/plugins/local_notifier/macos`)

EXTERNAL SOURCES:
  flutter_desktop_sleep:
    :path: Flutter/ephemeral/.symlinks/plugins/flutter_desktop_sleep/macos
  FlutterMacOS:
    :path: Flutter/ephemeral
  local_notifier:
    :path: Flutter/ephemeral/.symlinks/plugins/local_notifier/macos

SPEC CHECKSUMS:
  flutter_desktop_sleep: d7e29bb5c2944a0db954674f53ad190b79a7d69d
  FlutterMacOS: d0db08ddef1a9af05a5ec4b724367152bb0500b1
  local_notifier: e9506bc66fc70311e8bc7291fb70f743c081e4ff

PODFILE CHECKSUM: 9ebaf0ce3d369aaa26a9ea0e159195ed94724cf3

COCOAPODS: 1.16.2
